<?xml version="1.0" encoding="utf-8"?>
<Project ToolsVersion="4.0" xmlns="http://schemas.microsoft.com/developer/msbuild/2003">
  <ItemGroup>
    <ClCompile Include="grab_identifier.cpp">
      <Filter>Lexer</Filter>
    </ClCompile>
    <ClCompile Include="grab_string.cpp">
      <Filter>Lexer</Filter>
    </ClCompile>
    <ClCompile Include="grab_token.cpp">
      <Filter>Lexer</Filter>
    </ClCompile>
    <ClCompile Include="main.cpp" />
    <ClCompile Include="parse.cpp">
      <Filter>Parser</Filter>
    </ClCompile>
    <ClCompile Include="parse_stream.cpp">
      <Filter>Parser</Filter>
    </ClCompile>
    <ClCompile Include="parse_block.cpp">
      <Filter>Parser</Filter>
    </ClCompile>
    <ClCompile Include="parse_return.cpp">
      <Filter>Parser</Filter>
    </ClCompile>
    <ClCompile Include="parse_assignment.cpp">
      <Filter>Parser</Filter>
    </ClCompile>
    <ClCompile Include="parse_function.cpp">
      <Filter>Parser</Filter>
    </ClCompile>
    <ClCompile Include="parse_statement.cpp">
      <Filter>Parser</Filter>
    </ClCompile>
    <ClCompile Include="parse_if.cpp">
      <Filter>Parser</Filter>
    </ClCompile>
    <ClCompile Include="parse_while.cpp">
      <Filter>Parser</Filter>
    </ClCompile>
    <ClCompile Include="parse_loop.cpp">
      <Filter>Parser</Filter>
    </ClCompile>
    <ClCompile Include="parse_for.cpp">
      <Filter>Parser</Filter>
    </ClCompile>
    <ClCompile Include="parse_infix.cpp">
      <Filter>Parser</Filter>
    </ClCompile>
    <ClCompile Include="parse_affix.cpp">
      <Filter>Parser</Filter>
    </ClCompile>
    <ClCompile Include="parse_call.cpp">
      <Filter>Parser</Filter>
    </ClCompile>
    <ClCompile Include="parse_primary.cpp">
      <Filter>Parser</Filter>
    </ClCompile>
  </ItemGroup>
  <ItemGroup>
    <ClInclude Include="grab_token.hpp">
      <Filter>Lexer</Filter>
    </ClInclude>
    <ClInclude Include="parse.hpp">
      <Filter>Parser</Filter>
    </ClInclude>
    <ClInclude Include="expect.hpp">
      <Filter>Parser</Filter>
    </ClInclude>
    <ClInclude Include="cursor.hpp">
      <Filter>Parser</Filter>
    </ClInclude>
    <ClInclude Include="match.hpp">
      <Filter>Parser</Filter>
    </ClInclude>
    <ClInclude Include="ast.hpp" />
    <ClInclude Include="token.hpp" />
  </ItemGroup>
  <ItemGroup>
    <Filter Include="Lexer">
      <UniqueIdentifier>{329ab77c-5e81-4213-83cd-dbaa5020081e}</UniqueIdentifier>
    </Filter>
    <Filter Include="Parser">
      <UniqueIdentifier>{8f018088-e3d3-426a-88cd-d825f758aa41}</UniqueIdentifier>
    </Filter>
  </ItemGroup>
</Project>