<?xml version="1.0" encoding="utf-8"?>
<Project ToolsVersion="4.0" xmlns="http://schemas.microsoft.com/developer/msbuild/2003">
  <ItemGroup>
    <ClCompile Include="Main.cpp" />
    <ClCompile Include="grab_string.cpp" />
    <ClCompile Include="grab_token.cpp" />
    <ClCompile Include="grab_identifier.cpp" />
  </ItemGroup>
  <ItemGroup>
    <ClInclude Include="Token.hpp" />
    <ClInclude Include="grab_token.hpp" />
  </ItemGroup>
</Project>